{
  "version": 4,
  "terraform_version": "1.15.9",
  "serial": 30,
  "lineage": "fb8c971c-d28e-bcdc-e7d6-53963ee6a6f5",
  "outputs": {
    "backend_api_docs": {
      "value": "http://localhost:8000/docs",
      "type": "string"
    },
    "backend_container": {
      "value": "biblioteca-backend",
      "type": "string"
    },
    "backend_url": {
      "value": "http://localhost:8000",
      "type": "string"
    },
    "frontend_container": {
      "value": "biblioteca-frontend",
      "type": "string"
    },
    "frontend_url": {
      "value": "http://localhost:8080",
      "type": "string"
    },
    "network_name": {
      "value": "biblioteca-network",
      "type": "string"
    },
    "volume_name": {
      "value": "biblioteca-data",
      "type": "string"
    }
  },
  "resources": [
    {
      "mode": "managed",
      "type": "docker_container",
      "name": "backend",
      "provider": "provider[\"registry.terraform.io/kreuzwerker/docker\"]",
      "instances": [
        {
          "schema_version": 2,
          "attributes": {
            "attach": false,
            "bridge": "",
            "capabilities": [],
            "cgroup_parent": null,
            "cgroupns_mode": null,
            "command": [
              "uvicorn",
              "app.main:app",
              "--host",
              "0.0.0.0",
              "--port",
              "8000"
            ],
            "container_logs": null,
            "container_read_refresh_timeout_milliseconds": 15000,
            "cpu_period": null,
            "cpu_quota": null,
            "cpu_set": "",
            "cpu_shares": 0,
            "cpus": null,
            "destroy_grace_seconds": null,
            "devices": [],
            "dns": null,
            "dns_opts": null,
            "dns_search": null,
            "domainname": "",
            "entrypoint": [],
            "env": [
              "ACCESS_TOKEN_EXPIRE_MINUTES=60",
              "APP_NAME=Sistema de Biblioteca API",
              "CORS_ORIGINS=*",
              "CREATE_INITIAL_ADMIN=true",
              "DATABASE_URL=sqlite:////data/biblioteca.db",
              "FINE_PER_DAY=1.00",
              "INITIAL_ADMIN_EMAIL=admin@biblioteca.com",
              "INITIAL_ADMIN_PASSWORD=Devops",
              "JWT_SECRET=troque-esta-chave-em-producao"
            ],
            "exit_code": null,
            "gpus": null,
            "group_add": null,
            "healthcheck": [
              {
                "interval": "10s",
                "retries": 10,
                "start_interval": "0s",
                "start_period": "10s",
                "test": [
                  "CMD-SHELL",
                  "python -c \"import urllib.request; urllib.request.urlopen('http://127.0.0.1:8000/health', timeout=2)\""
                ],
                "timeout": "3s"
              }
            ],
            "host": [],
            "hostname": "318263033e5d",
            "id": "318263033e5dfebf8988dd0dc153c5e33a40db9b5a767577ed53bf19729be681",
            "image": "biblioteca-backend:latest",
            "init": false,
            "ipc_mode": "private",
            "labels": [],
            "log_driver": "json-file",
            "log_opts": null,
            "logs": false,
            "max_retry_count": 0,
            "memory": 0,
            "memory_reservation": 0,
            "memory_swap": 0,
            "mounts": [],
            "must_run": true,
            "name": "biblioteca-backend",
            "network_data": [
              {
                "gateway": "172.18.0.1",
                "global_ipv6_address": "",
                "global_ipv6_prefix_length": 0,
                "ip_address": "172.18.0.2",
                "ip_prefix_length": 16,
                "ipv6_gateway": "",
                "mac_address": "ba:64:a1:9b:84:ff",
                "network_name": "biblioteca-network"
              }
            ],
            "network_mode": "bridge",
            "networks_advanced": [
              {
                "aliases": [],
                "ipv4_address": "",
                "ipv6_address": "",
                "mac_address": "",
                "name": "biblioteca-network"
              }
            ],
            "pid_mode": "",
            "ports": [
              {
                "external": 8000,
                "internal": 8000,
                "ip": "0.0.0.0",
                "protocol": "tcp"
              }
            ],
            "privileged": false,
            "publish_all_ports": false,
            "read_only": false,
            "remove_volumes": true,
            "restart": "unless-stopped",
            "rm": false,
            "runtime": "runc",
            "security_opts": [],
            "shm_size": 64,
            "start": true,
            "stdin_open": false,
            "stop_signal": "",
            "stop_timeout": 0,
            "storage_opts": null,
            "sysctls": null,
            "tmpfs": null,
            "tty": false,
            "ulimit": [],
            "upload": [],
            "user": "",
            "userns_mode": "",
            "volumes": [
              {
                "container_path": "/data",
                "from_container": "",
                "host_path": "",
                "read_only": null,
                "volume_name": "biblioteca-data"
              }
            ],
            "wait": true,
            "wait_timeout": 120,
            "working_dir": "/app"
          },
          "sensitive_attributes": [
            [
              {
                "type": "get_attr",
                "value": "env"
              }
            ]
          ],
          "identity_schema_version": 0,
          "private": "eyJzY2hlbWFfdmVyc2lvbiI6IjIifQ==",
          "dependencies": [
            "docker_network.biblioteca",
            "docker_volume.biblioteca_data",
            "terraform_data.backend_image"
          ]
        }
      ]
    },
    {
      "mode": "managed",
      "type": "docker_container",
      "name": "frontend",
      "provider": "provider[\"registry.terraform.io/kreuzwerker/docker\"]",
      "instances": [
        {
          "schema_version": 2,
          "attributes": {
            "attach": false,
            "bridge": "",
            "capabilities": [],
            "cgroup_parent": null,
            "cgroupns_mode": null,
            "command": [
              "nginx",
              "-g",
              "daemon off;"
            ],
            "container_logs": null,
            "container_read_refresh_timeout_milliseconds": 15000,
            "cpu_period": null,
            "cpu_quota": null,
            "cpu_set": "",
            "cpu_shares": 0,
            "cpus": null,
            "destroy_grace_seconds": null,
            "devices": [],
            "dns": null,
            "dns_opts": null,
            "dns_search": null,
            "domainname": "",
            "entrypoint": [
              "/docker-entrypoint.sh"
            ],
            "env": [],
            "exit_code": null,
            "gpus": null,
            "group_add": null,
            "healthcheck": [
              {
                "interval": "10s",
                "retries": 10,
                "start_interval": "0s",
                "start_period": "5s",
                "test": [
                  "CMD-SHELL",
                  "wget -q -O - http://127.0.0.1/ \u003e/dev/null 2\u003e\u00261"
                ],
                "timeout": "3s"
              }
            ],
            "host": [],
            "hostname": "05426b69b6a8",
            "id": "05426b69b6a8116f0ac20831e8e6d9eb0355bf42d9592f8db1f8e047cdd7cafa",
            "image": "biblioteca-frontend:latest",
            "init": false,
            "ipc_mode": "private",
            "labels": [],
            "log_driver": "json-file",
            "log_opts": null,
            "logs": false,
            "max_retry_count": 0,
            "memory": 0,
            "memory_reservation": 0,
            "memory_swap": 0,
            "mounts": [],
            "must_run": true,
            "name": "biblioteca-frontend",
            "network_data": [
              {
                "gateway": "172.18.0.1",
                "global_ipv6_address": "",
                "global_ipv6_prefix_length": 0,
                "ip_address": "172.18.0.3",
                "ip_prefix_length": 16,
                "ipv6_gateway": "",
                "mac_address": "ae:50:7f:57:ce:e3",
                "network_name": "biblioteca-network"
              }
            ],
            "network_mode": "bridge",
            "networks_advanced": [
              {
                "aliases": [],
                "ipv4_address": "",
                "ipv6_address": "",
                "mac_address": "",
                "name": "biblioteca-network"
              }
            ],
            "pid_mode": "",
            "ports": [
              {
                "external": 8080,
                "internal": 80,
                "ip": "0.0.0.0",
                "protocol": "tcp"
              }
            ],
            "privileged": false,
            "publish_all_ports": false,
            "read_only": false,
            "remove_volumes": true,
            "restart": "unless-stopped",
            "rm": false,
            "runtime": "runc",
            "security_opts": [],
            "shm_size": 64,
            "start": true,
            "stdin_open": false,
            "stop_signal": "SIGQUIT",
            "stop_timeout": 0,
            "storage_opts": null,
            "sysctls": null,
            "tmpfs": null,
            "tty": false,
            "ulimit": [],
            "upload": [],
            "user": "",
            "userns_mode": "",
            "volumes": [],
            "wait": true,
            "wait_timeout": 120,
            "working_dir": "/"
          },
          "sensitive_attributes": [],
          "identity_schema_version": 0,
          "private": "eyJzY2hlbWFfdmVyc2lvbiI6IjIifQ==",
          "dependencies": [
            "docker_container.backend",
            "docker_network.biblioteca",
            "docker_volume.biblioteca_data",
            "terraform_data.backend_image",
            "terraform_data.frontend_image"
          ]
        }
      ]
    },
    {
      "mode": "managed",
      "type": "docker_network",
      "name": "biblioteca",
      "provider": "provider[\"registry.terraform.io/kreuzwerker/docker\"]",
      "instances": [
        {
          "schema_version": 1,
          "attributes": {
            "attachable": false,
            "check_duplicate": null,
            "driver": "bridge",
            "id": "e2a0c758f5a918ee984089ceed40414b3e4e0c3632969d8b1496e9a30e64b755",
            "ingress": false,
            "internal": false,
            "ipam_config": [
              {
                "aux_address": {},
                "gateway": "172.18.0.1",
                "ip_range": "",
                "subnet": "172.18.0.0/16"
              }
            ],
            "ipam_driver": "default",
            "ipam_options": null,
            "ipv6": false,
            "labels": [],
            "name": "biblioteca-network",
            "options": {
              "com.docker.network.enable_ipv4": "true",
              "com.docker.network.enable_ipv6": "false"
            },
            "scope": "local"
          },
          "sensitive_attributes": [],
          "identity_schema_version": 0,
          "private": "eyJzY2hlbWFfdmVyc2lvbiI6IjEifQ=="
        }
      ]
    },
    {
      "mode": "managed",
      "type": "docker_volume",
      "name": "biblioteca_data",
      "provider": "provider[\"registry.terraform.io/kreuzwerker/docker\"]",
      "instances": [
        {
          "schema_version": 1,
          "attributes": {
            "cluster": [],
            "driver": "local",
            "driver_opts": null,
            "id": "biblioteca-data",
            "labels": [],
            "mountpoint": "/var/lib/docker/volumes/biblioteca-data/_data",
            "name": "biblioteca-data"
          },
          "sensitive_attributes": [],
          "identity_schema_version": 0,
          "private": "eyJzY2hlbWFfdmVyc2lvbiI6IjEifQ=="
        }
      ]
    },
    {
      "mode": "managed",
      "type": "terraform_data",
      "name": "backend_image",
      "provider": "provider[\"terraform.io/builtin/terraform\"]",
      "instances": [
        {
          "schema_version": 0,
          "attributes": {
            "id": "bebe7cf1-fdfd-dd77-b87f-517cd83f4a73",
            "input": {
              "value": "biblioteca-backend:latest",
              "type": "string"
            },
            "output": {
              "value": "biblioteca-backend:latest",
              "type": "string"
            },
            "triggers_replace": {
              "value": [
                "a5442a2d823d3b3867ac68b6a38a20f894134126ab6aa47ae761df2f11b345a7"
              ],
              "type": [
                "tuple",
                [
                  "string"
                ]
              ]
            }
          },
          "sensitive_attributes": [],
          "identity_schema_version": 0
        }
      ]
    },
    {
      "mode": "managed",
      "type": "terraform_data",
      "name": "frontend_image",
      "provider": "provider[\"terraform.io/builtin/terraform\"]",
      "instances": [
        {
          "schema_version": 0,
          "attributes": {
            "id": "9665b33d-4a0d-c2f8-9087-b7733616eb15",
            "input": {
              "value": "biblioteca-frontend:latest",
              "type": "string"
            },
            "output": {
              "value": "biblioteca-frontend:latest",
              "type": "string"
            },
            "triggers_replace": {
              "value": [
                "b7373f49a64a2f43a320fc5c51847c7e863c467fce3fa11a347c07fb6154f8f0"
              ],
              "type": [
                "tuple",
                [
                  "string"
                ]
              ]
            }
          },
          "sensitive_attributes": [],
          "identity_schema_version": 0
        }
      ]
    }
  ],
  "check_results": null
}
