{
  "version": 4,
  "terraform_version": "1.15.9",
  "serial": 6,
  "lineage": "fb8c971c-d28e-bcdc-e7d6-53963ee6a6f5",
  "outputs": {
    "backend_api_docs": {
      "value": "http://localhost:8000/docs",
      "type": "string"
    },
    "backend_container": {
      "value": null,
      "type": "string"
    },
    "backend_url": {
      "value": "http://localhost:8000",
      "type": "string"
    },
    "frontend_container": {
      "value": null,
      "type": "string"
    },
    "frontend_url": {
      "value": "http://localhost:8080",
      "type": "string"
    },
    "network_name": {
      "value": "biblioteca-network",
      "type": "string"
    },
    "volume_name": {
      "value": "biblioteca-data",
      "type": "string"
    }
  },
  "resources": [
    {
      "mode": "managed",
      "type": "docker_network",
      "name": "biblioteca",
      "provider": "provider[\"registry.terraform.io/kreuzwerker/docker\"]",
      "instances": [
        {
          "schema_version": 1,
          "attributes": {
            "attachable": false,
            "check_duplicate": null,
            "driver": "bridge",
            "id": "biblioteca-network",
            "ingress": false,
            "internal": false,
            "ipam_config": [
              {
                "aux_address": {},
                "gateway": "172.18.0.1",
                "ip_range": "",
                "subnet": "172.18.0.0/16"
              }
            ],
            "ipam_driver": "default",
            "ipam_options": {},
            "ipv6": false,
            "labels": [],
            "name": "biblioteca-network",
            "options": {
              "com.docker.network.enable_ipv4": "true",
              "com.docker.network.enable_ipv6": "false"
            },
            "scope": "local"
          },
          "sensitive_attributes": [],
          "identity_schema_version": 0,
          "private": "eyJzY2hlbWFfdmVyc2lvbiI6IjEifQ=="
        }
      ]
    },
    {
      "mode": "managed",
      "type": "docker_volume",
      "name": "biblioteca_data",
      "provider": "provider[\"registry.terraform.io/kreuzwerker/docker\"]",
      "instances": [
        {
          "schema_version": 1,
          "attributes": {
            "cluster": [],
            "driver": "local",
            "driver_opts": null,
            "id": "biblioteca-data",
            "labels": [],
            "mountpoint": "/var/lib/docker/volumes/biblioteca-data/_data",
            "name": "biblioteca-data"
          },
          "sensitive_attributes": [],
          "identity_schema_version": 0,
          "private": "eyJzY2hlbWFfdmVyc2lvbiI6IjEifQ=="
        }
      ]
    },
    {
      "mode": "managed",
      "type": "terraform_data",
      "name": "backend_image",
      "provider": "provider[\"terraform.io/builtin/terraform\"]",
      "instances": [
        {
          "schema_version": 0,
          "attributes": {
            "id": "5c5cf88e-fc88-d788-a018-61af634032ae",
            "input": {
              "value": "biblioteca-backend:latest",
              "type": "string"
            },
            "output": {
              "value": "biblioteca-backend:latest",
              "type": "string"
            },
            "triggers_replace": {
              "value": [
                "a5442a2d823d3b3867ac68b6a38a20f894134126ab6aa47ae761df2f11b345a7"
              ],
              "type": [
                "tuple",
                [
                  "string"
                ]
              ]
            }
          },
          "sensitive_attributes": [],
          "identity_schema_version": 0
        }
      ]
    },
    {
      "mode": "managed",
      "type": "terraform_data",
      "name": "frontend_image",
      "provider": "provider[\"terraform.io/builtin/terraform\"]",
      "instances": [
        {
          "schema_version": 0,
          "attributes": {
            "id": "f223f242-83c4-b277-8544-87e120948e1c",
            "input": {
              "value": "biblioteca-frontend:latest",
              "type": "string"
            },
            "output": {
              "value": "biblioteca-frontend:latest",
              "type": "string"
            },
            "triggers_replace": {
              "value": [
                "b7373f49a64a2f43a320fc5c51847c7e863c467fce3fa11a347c07fb6154f8f0"
              ],
              "type": [
                "tuple",
                [
                  "string"
                ]
              ]
            }
          },
          "sensitive_attributes": [],
          "identity_schema_version": 0
        }
      ]
    }
  ],
  "check_results": null
}
